
Microsoft Visual Studio Solution File, Format Version 12.00
Project("{FAE04EC0-301F-11D3-BF4B-00C04F79EFBC}") = "_1_PrimeiroProjeto", "_1_PrimeiroProjeto\_1_PrimeiroProjeto.csproj", "{F9D90434-FF49-4C8C-A9AE-B35205923504}"
EndProject
Project("{FAE04EC0-301F-11D3-BF4B-00C04F79EFBC}") = "_3_CriandoVariaveisPontoFlutuante", "..\..\aula2\_3_CriandoVariaveisPontoFlutuante\_3_CriandoVariaveisPontoFlutuante.csproj", "{B4998E40-DB67-45BA-87A0-0C27F50C2584}"
EndProject
Project("{FAE04EC0-301F-11D3-BF4B-00C04F79EFBC}") = "_4_ConversoesEOutrosTiposNumericos", "..\..\aula2\_4_ConversoesEOutrosTiposNumericos\_4_ConversoesEOutrosTiposNumericos.csproj", "{6B25BDA0-CACB-4132-812F-8E76D77EEE57}"
EndProject
Project("{FAE04EC0-301F-11D3-BF4B-00C04F79EFBC}") = "_5_CaracteresETextos", "..\..\aula3\_5_CaracteresETextos\_5_CaracteresETextos.csproj", "{DE39B7D7-3947-4DFF-8D74-29C02A4DFE4B}"
EndProject
Project("{FAE04EC0-301F-11D3-BF4B-00C04F79EFBC}") = "_6_AtribuicoesDeVariaveis", "..\..\aula3\_6_AtribuicoesDeVariaveis\_6_AtribuicoesDeVariaveis.csproj", "{60C66690-13EA-4B34-84DB-BA472A46BB5E}"
EndProject
Project("{FAE04EC0-301F-11D3-BF4B-00C04F79EFBC}") = "_7_Condicionais", "..\..\aula4\_7_Condicionais\_7_Condicionais.csproj", "{4EFBED64-EFF3-4E0A-B7D1-29F9C8DDD646}"
EndProject
Project("{FAE04EC0-301F-11D3-BF4B-00C04F79EFBC}") = "_8_Condicionais2", "..\..\aula4\_8_Condicionais2\_8_Condicionais2.csproj", "{58EFCEB2-AB7E-4669-8109-F3D264941539}"
EndProject
Project("{FAE04EC0-301F-11D3-BF4B-00C04F79EFBC}") = "_9_Escopo", "..\..\aula4\_9_Escopo\_9_Escopo.csproj", "{BC0FAA24-A61F-416C-9A93-F31FCE262FC9}"
EndProject
Project("{FAE04EC0-301F-11D3-BF4B-00C04F79EFBC}") = "_P10_CalculaPoupanca", "..\..\aula5\_P10_CalculaPoupanca\_P10_CalculaPoupanca.csproj", "{6F33F478-4DCC-4E16-9613-153093E3AE17}"
EndProject
Project("{FAE04EC0-301F-11D3-BF4B-00C04F79EFBC}") = "_P11_CalculaPoupanca2", "..\..\aula5\_P11_CalculaPoupanca2\_P11_CalculaPoupanca2.csproj", "{460E996B-88A8-40C6-9F29-149F3684F597}"
EndProject
Project("{FAE04EC0-301F-11D3-BF4B-00C04F79EFBC}") = "_P12_CalculaInvestimentoAoLongoPrazo", "..\..\aula5\_P12_CalculaInvestimentoAoLongoPrazo\_P12_CalculaInvestimentoAoLongoPrazo.csproj", "{CA7BD2D0-DF7D-4EBA-B684-BAAA085D7B07}"
EndProject
Project("{FAE04EC0-301F-11D3-BF4B-00C04F79EFBC}") = "_P13_ForEncadeado", "..\..\aula5\_P13_ForEncadeado\_P13_ForEncadeado.csproj", "{61613317-FAA6-46CC-B94D-B800E66D324D}"
EndProject
Global
	GlobalSection(SolutionConfigurationPlatforms) = preSolution
		Debug|Any CPU = Debug|Any CPU
		Release|Any CPU = Release|Any CPU
	EndGlobalSection
	GlobalSection(ProjectConfigurationPlatforms) = postSolution
		{F9D90434-FF49-4C8C-A9AE-B35205923504}.Debug|Any CPU.ActiveCfg = Debug|Any CPU
		{F9D90434-FF49-4C8C-A9AE-B35205923504}.Debug|Any CPU.Build.0 = Debug|Any CPU
		{F9D90434-FF49-4C8C-A9AE-B35205923504}.Release|Any CPU.ActiveCfg = Release|Any CPU
		{F9D90434-FF49-4C8C-A9AE-B35205923504}.Release|Any CPU.Build.0 = Release|Any CPU
		{B4998E40-DB67-45BA-87A0-0C27F50C2584}.Debug|Any CPU.ActiveCfg = Debug|Any CPU
		{B4998E40-DB67-45BA-87A0-0C27F50C2584}.Debug|Any CPU.Build.0 = Debug|Any CPU
		{B4998E40-DB67-45BA-87A0-0C27F50C2584}.Release|Any CPU.ActiveCfg = Release|Any CPU
		{B4998E40-DB67-45BA-87A0-0C27F50C2584}.Release|Any CPU.Build.0 = Release|Any CPU
		{6B25BDA0-CACB-4132-812F-8E76D77EEE57}.Debug|Any CPU.ActiveCfg = Debug|Any CPU
		{6B25BDA0-CACB-4132-812F-8E76D77EEE57}.Debug|Any CPU.Build.0 = Debug|Any CPU
		{6B25BDA0-CACB-4132-812F-8E76D77EEE57}.Release|Any CPU.ActiveCfg = Release|Any CPU
		{6B25BDA0-CACB-4132-812F-8E76D77EEE57}.Release|Any CPU.Build.0 = Release|Any CPU
		{DE39B7D7-3947-4DFF-8D74-29C02A4DFE4B}.Debug|Any CPU.ActiveCfg = Debug|Any CPU
		{DE39B7D7-3947-4DFF-8D74-29C02A4DFE4B}.Debug|Any CPU.Build.0 = Debug|Any CPU
		{DE39B7D7-3947-4DFF-8D74-29C02A4DFE4B}.Release|Any CPU.ActiveCfg = Release|Any CPU
		{DE39B7D7-3947-4DFF-8D74-29C02A4DFE4B}.Release|Any CPU.Build.0 = Release|Any CPU
		{60C66690-13EA-4B34-84DB-BA472A46BB5E}.Debug|Any CPU.ActiveCfg = Debug|Any CPU
		{60C66690-13EA-4B34-84DB-BA472A46BB5E}.Debug|Any CPU.Build.0 = Debug|Any CPU
		{60C66690-13EA-4B34-84DB-BA472A46BB5E}.Release|Any CPU.ActiveCfg = Release|Any CPU
		{60C66690-13EA-4B34-84DB-BA472A46BB5E}.Release|Any CPU.Build.0 = Release|Any CPU
		{4EFBED64-EFF3-4E0A-B7D1-29F9C8DDD646}.Debug|Any CPU.ActiveCfg = Debug|Any CPU
		{4EFBED64-EFF3-4E0A-B7D1-29F9C8DDD646}.Debug|Any CPU.Build.0 = Debug|Any CPU
		{4EFBED64-EFF3-4E0A-B7D1-29F9C8DDD646}.Release|Any CPU.ActiveCfg = Release|Any CPU
		{4EFBED64-EFF3-4E0A-B7D1-29F9C8DDD646}.Release|Any CPU.Build.0 = Release|Any CPU
		{58EFCEB2-AB7E-4669-8109-F3D264941539}.Debug|Any CPU.ActiveCfg = Debug|Any CPU
		{58EFCEB2-AB7E-4669-8109-F3D264941539}.Debug|Any CPU.Build.0 = Debug|Any CPU
		{58EFCEB2-AB7E-4669-8109-F3D264941539}.Release|Any CPU.ActiveCfg = Release|Any CPU
		{58EFCEB2-AB7E-4669-8109-F3D264941539}.Release|Any CPU.Build.0 = Release|Any CPU
		{BC0FAA24-A61F-416C-9A93-F31FCE262FC9}.Debug|Any CPU.ActiveCfg = Debug|Any CPU
		{BC0FAA24-A61F-416C-9A93-F31FCE262FC9}.Debug|Any CPU.Build.0 = Debug|Any CPU
		{BC0FAA24-A61F-416C-9A93-F31FCE262FC9}.Release|Any CPU.ActiveCfg = Release|Any CPU
		{BC0FAA24-A61F-416C-9A93-F31FCE262FC9}.Release|Any CPU.Build.0 = Release|Any CPU
		{6F33F478-4DCC-4E16-9613-153093E3AE17}.Debug|Any CPU.ActiveCfg = Debug|Any CPU
		{6F33F478-4DCC-4E16-9613-153093E3AE17}.Debug|Any CPU.Build.0 = Debug|Any CPU
		{6F33F478-4DCC-4E16-9613-153093E3AE17}.Release|Any CPU.ActiveCfg = Release|Any CPU
		{6F33F478-4DCC-4E16-9613-153093E3AE17}.Release|Any CPU.Build.0 = Release|Any CPU
		{460E996B-88A8-40C6-9F29-149F3684F597}.Debug|Any CPU.ActiveCfg = Debug|Any CPU
		{460E996B-88A8-40C6-9F29-149F3684F597}.Debug|Any CPU.Build.0 = Debug|Any CPU
		{460E996B-88A8-40C6-9F29-149F3684F597}.Release|Any CPU.ActiveCfg = Release|Any CPU
		{460E996B-88A8-40C6-9F29-149F3684F597}.Release|Any CPU.Build.0 = Release|Any CPU
		{CA7BD2D0-DF7D-4EBA-B684-BAAA085D7B07}.Debug|Any CPU.ActiveCfg = Debug|Any CPU
		{CA7BD2D0-DF7D-4EBA-B684-BAAA085D7B07}.Debug|Any CPU.Build.0 = Debug|Any CPU
		{CA7BD2D0-DF7D-4EBA-B684-BAAA085D7B07}.Release|Any CPU.ActiveCfg = Release|Any CPU
		{CA7BD2D0-DF7D-4EBA-B684-BAAA085D7B07}.Release|Any CPU.Build.0 = Release|Any CPU
		{61613317-FAA6-46CC-B94D-B800E66D324D}.Debug|Any CPU.ActiveCfg = Debug|Any CPU
		{61613317-FAA6-46CC-B94D-B800E66D324D}.Debug|Any CPU.Build.0 = Debug|Any CPU
		{61613317-FAA6-46CC-B94D-B800E66D324D}.Release|Any CPU.ActiveCfg = Release|Any CPU
		{61613317-FAA6-46CC-B94D-B800E66D324D}.Release|Any CPU.Build.0 = Release|Any CPU
	EndGlobalSection
EndGlobal
